
Microsoft Visual Studio Solution File, Format Version 12.00
Project("{2150E333-8FDC-42A3-9474-1A3956D46DE8}") = "src", "src", "{91AAEDD1-5E7F-491E-80A9-BFBDA17E4D38}"
EndProject
Project("{2150E333-8FDC-42A3-9474-1A3956D46DE8}") = "test", "test", "{CEE26110-7C5B-44EC-9692-E54D02813484}"
EndProject
Project("{2150E333-8FDC-42A3-9474-1A3956D46DE8}") = "shared", "shared", "{19A8A3B2-E75E-4ED8-A4BF-69FFCDA81B07}"
EndProject
Project("{FAE04EC0-301F-11D3-BF4B-00C04F79EFBC}") = "Magellan.Identity.Web", "src\shared\Magellan.Identity.Web\Magellan.Identity.Web.csproj", "{27A07076-AFE9-4E99-9624-7B953FB5646B}"
EndProject
Project("{2150E333-8FDC-42A3-9474-1A3956D46DE8}") = "inf", "inf", "{601673B1-E74A-4F6F-836B-C2B985366C0E}"
EndProject
Project("{E53339B2-1760-4266-BCC7-CA923CBCF16C}") = "docker-compose", "inf\dockerCompose\docker-compose.dcproj", "{C89AF81C-96BB-46F2-B0BE-6CDA86B7FA74}"
EndProject
Project("{2150E333-8FDC-42A3-9474-1A3956D46DE8}") = "scripts", "scripts", "{BC926270-3D5D-40FD-8803-64A661AE5E3F}"
	ProjectSection(SolutionItems) = preProject
		package.json = package.json
	EndProjectSection
EndProject
Project("{2150E333-8FDC-42A3-9474-1A3956D46DE8}") = "lib", "lib", "{A1D0EBAD-E10A-4862-9FA3-502E173327FE}"
EndProject
Project("{2150E333-8FDC-42A3-9474-1A3956D46DE8}") = "utilities", "utilities", "{05ECAB83-0565-481A-B6F5-8314A965A7F5}"
EndProject
Project("{2150E333-8FDC-42A3-9474-1A3956D46DE8}") = "lib", "lib", "{72BA3458-782B-46AE-A051-70D73A533E37}"
EndProject
Project("{2150E333-8FDC-42A3-9474-1A3956D46DE8}") = "utilities", "utilities", "{84137983-6842-4A9F-A91B-EF907A6FE9E5}"
EndProject
Project("{FAE04EC0-301F-11D3-BF4B-00C04F79EFBC}") = "Magellan.Utilities.Calculator.Tests.Unit", "test\lib\utilities\Magellan.Utilities.Calculator.Tests.Unit\Magellan.Utilities.Calculator.Tests.Unit.csproj", "{A3273BB7-21B8-4768-928D-FF847451428F}"
EndProject
Project("{FAE04EC0-301F-11D3-BF4B-00C04F79EFBC}") = "Magellan.Utilities.Calculator", "src\lib\utilities\Magellan.Utilities.Calculator\Magellan.Utilities.Calculator.csproj", "{6AB294E9-9614-4F33-9237-7B36322F9E0E}"
EndProject
Global
	GlobalSection(SolutionConfigurationPlatforms) = preSolution
		Debug|Any CPU = Debug|Any CPU
		Release|Any CPU = Release|Any CPU
	EndGlobalSection
	GlobalSection(NestedProjects) = preSolution
		{19A8A3B2-E75E-4ED8-A4BF-69FFCDA81B07} = {91AAEDD1-5E7F-491E-80A9-BFBDA17E4D38}
		{27A07076-AFE9-4E99-9624-7B953FB5646B} = {19A8A3B2-E75E-4ED8-A4BF-69FFCDA81B07}
		{C89AF81C-96BB-46F2-B0BE-6CDA86B7FA74} = {601673B1-E74A-4F6F-836B-C2B985366C0E}
		{A1D0EBAD-E10A-4862-9FA3-502E173327FE} = {91AAEDD1-5E7F-491E-80A9-BFBDA17E4D38}
		{05ECAB83-0565-481A-B6F5-8314A965A7F5} = {A1D0EBAD-E10A-4862-9FA3-502E173327FE}
		{72BA3458-782B-46AE-A051-70D73A533E37} = {CEE26110-7C5B-44EC-9692-E54D02813484}
		{84137983-6842-4A9F-A91B-EF907A6FE9E5} = {72BA3458-782B-46AE-A051-70D73A533E37}
		{A3273BB7-21B8-4768-928D-FF847451428F} = {84137983-6842-4A9F-A91B-EF907A6FE9E5}
		{6AB294E9-9614-4F33-9237-7B36322F9E0E} = {05ECAB83-0565-481A-B6F5-8314A965A7F5}
	EndGlobalSection
	GlobalSection(ProjectConfigurationPlatforms) = postSolution
		{27A07076-AFE9-4E99-9624-7B953FB5646B}.Debug|Any CPU.ActiveCfg = Debug|Any CPU
		{27A07076-AFE9-4E99-9624-7B953FB5646B}.Debug|Any CPU.Build.0 = Debug|Any CPU
		{27A07076-AFE9-4E99-9624-7B953FB5646B}.Release|Any CPU.ActiveCfg = Release|Any CPU
		{27A07076-AFE9-4E99-9624-7B953FB5646B}.Release|Any CPU.Build.0 = Release|Any CPU
		{A3273BB7-21B8-4768-928D-FF847451428F}.Debug|Any CPU.ActiveCfg = Debug|Any CPU
		{A3273BB7-21B8-4768-928D-FF847451428F}.Debug|Any CPU.Build.0 = Debug|Any CPU
		{A3273BB7-21B8-4768-928D-FF847451428F}.Release|Any CPU.ActiveCfg = Release|Any CPU
		{A3273BB7-21B8-4768-928D-FF847451428F}.Release|Any CPU.Build.0 = Release|Any CPU
		{6AB294E9-9614-4F33-9237-7B36322F9E0E}.Debug|Any CPU.ActiveCfg = Debug|Any CPU
		{6AB294E9-9614-4F33-9237-7B36322F9E0E}.Debug|Any CPU.Build.0 = Debug|Any CPU
		{6AB294E9-9614-4F33-9237-7B36322F9E0E}.Release|Any CPU.ActiveCfg = Release|Any CPU
		{6AB294E9-9614-4F33-9237-7B36322F9E0E}.Release|Any CPU.Build.0 = Release|Any CPU
	EndGlobalSection
EndGlobal
